
Microsoft Visual Studio Solution File, Format Version 12.00
# Visual Studio 15
VisualStudioVersion = 15.0.26403.3
MinimumVisualStudioVersion = 10.0.40219.1
Project("{FAE04EC0-301F-11D3-BF4B-00C04F79EFBC}") = "Sitecore.CodeGenerator", "Sitecore.CodeGenerator\Sitecore.CodeGenerator.csproj", "{97696946-CFED-49DB-AB8D-53431E48E3DA}"
EndProject
Project("{FAE04EC0-301F-11D3-BF4B-00C04F79EFBC}") = "Sitecore.CodeGenerator.Sample.Glass", "Sitecore.CodeGenerator.Sample.Glass\Sitecore.CodeGenerator.Sample.Glass.csproj", "{192E52C3-52AB-4072-8B73-626B57ECC2C8}"
EndProject
Project("{FAE04EC0-301F-11D3-BF4B-00C04F79EFBC}") = "Sitecore.CodeGenerator.Tests", "Sitecore.CodeGenerator.Tests\Sitecore.CodeGenerator.Tests.csproj", "{06BBCA34-A007-4651-80B7-6A65636C3D25}"
EndProject
Project("{2150E333-8FDC-42A3-9474-1A3956D46DE8}") = ".nuget", ".nuget", "{D1325D99-CB4B-4612-B57E-26FDDAC6C445}"
	ProjectSection(SolutionItems) = preProject
		.nuget\packages.config = .nuget\packages.config
	EndProjectSection
EndProject
Project("{FAE04EC0-301F-11D3-BF4B-00C04F79EFBC}") = "Sitecore.Codegenerator.Scripty.Sample.Glass", "Sitecore.Codegenerator.Scripty.Sample.Glass\Sitecore.Codegenerator.Scripty.Sample.Glass.csproj", "{235EB204-526E-4941-8EC0-04FDAB755FFE}"
EndProject
Project("{FAE04EC0-301F-11D3-BF4B-00C04F79EFBC}") = "Sitecore.Codegenerator.Scripty", "Sitecore.Codegenerator.Scripty\Sitecore.Codegenerator.Scripty.csproj", "{35439BDB-2B65-4F12-B6EB-83FE8FD99BD8}"
EndProject
Global
	GlobalSection(SolutionConfigurationPlatforms) = preSolution
		Debug|Any CPU = Debug|Any CPU
		Release|Any CPU = Release|Any CPU
	EndGlobalSection
	GlobalSection(ProjectConfigurationPlatforms) = postSolution
		{97696946-CFED-49DB-AB8D-53431E48E3DA}.Debug|Any CPU.ActiveCfg = Debug|Any CPU
		{97696946-CFED-49DB-AB8D-53431E48E3DA}.Debug|Any CPU.Build.0 = Debug|Any CPU
		{97696946-CFED-49DB-AB8D-53431E48E3DA}.Release|Any CPU.ActiveCfg = Release|Any CPU
		{97696946-CFED-49DB-AB8D-53431E48E3DA}.Release|Any CPU.Build.0 = Release|Any CPU
		{192E52C3-52AB-4072-8B73-626B57ECC2C8}.Debug|Any CPU.ActiveCfg = Debug|Any CPU
		{192E52C3-52AB-4072-8B73-626B57ECC2C8}.Debug|Any CPU.Build.0 = Debug|Any CPU
		{192E52C3-52AB-4072-8B73-626B57ECC2C8}.Release|Any CPU.ActiveCfg = Release|Any CPU
		{192E52C3-52AB-4072-8B73-626B57ECC2C8}.Release|Any CPU.Build.0 = Release|Any CPU
		{06BBCA34-A007-4651-80B7-6A65636C3D25}.Debug|Any CPU.ActiveCfg = Debug|Any CPU
		{06BBCA34-A007-4651-80B7-6A65636C3D25}.Debug|Any CPU.Build.0 = Debug|Any CPU
		{06BBCA34-A007-4651-80B7-6A65636C3D25}.Release|Any CPU.ActiveCfg = Release|Any CPU
		{06BBCA34-A007-4651-80B7-6A65636C3D25}.Release|Any CPU.Build.0 = Release|Any CPU
		{235EB204-526E-4941-8EC0-04FDAB755FFE}.Debug|Any CPU.ActiveCfg = Debug|Any CPU
		{235EB204-526E-4941-8EC0-04FDAB755FFE}.Debug|Any CPU.Build.0 = Debug|Any CPU
		{235EB204-526E-4941-8EC0-04FDAB755FFE}.Release|Any CPU.ActiveCfg = Release|Any CPU
		{235EB204-526E-4941-8EC0-04FDAB755FFE}.Release|Any CPU.Build.0 = Release|Any CPU
		{35439BDB-2B65-4F12-B6EB-83FE8FD99BD8}.Debug|Any CPU.ActiveCfg = Debug|Any CPU
		{35439BDB-2B65-4F12-B6EB-83FE8FD99BD8}.Debug|Any CPU.Build.0 = Debug|Any CPU
		{35439BDB-2B65-4F12-B6EB-83FE8FD99BD8}.Release|Any CPU.ActiveCfg = Release|Any CPU
		{35439BDB-2B65-4F12-B6EB-83FE8FD99BD8}.Release|Any CPU.Build.0 = Release|Any CPU
	EndGlobalSection
	GlobalSection(SolutionProperties) = preSolution
		HideSolutionNode = FALSE
	EndGlobalSection
EndGlobal
